
Microsoft Visual Studio Solution File, Format Version 11.00
# Visual Studio 2010
Project("{FAE04EC0-301F-11D3-BF4B-00C04F79EFBC}") = "Assembly-CSharp", "Assembly-CSharp.csproj", "{CE1E3C72-2C2F-A7D7-4F67-D6A525FD6167}"
EndProject
Project("{FAE04EC0-301F-11D3-BF4B-00C04F79EFBC}") = "Assembly-CSharp-Editor", "Assembly-CSharp-Editor.csproj", "{0C5CF68C-03CD-0A8C-3F17-FE4BC765A83E}"
EndProject
Global
	GlobalSection(SolutionConfigurationPlatforms) = preSolution
		Debug|Any CPU = Debug|Any CPU
		Release|Any CPU = Release|Any CPU
	EndGlobalSection
	GlobalSection(ProjectConfigurationPlatforms) = postSolution
		{CE1E3C72-2C2F-A7D7-4F67-D6A525FD6167}.Debug|Any CPU.ActiveCfg = Debug|Any CPU
		{CE1E3C72-2C2F-A7D7-4F67-D6A525FD6167}.Debug|Any CPU.Build.0 = Debug|Any CPU
		{CE1E3C72-2C2F-A7D7-4F67-D6A525FD6167}.Release|Any CPU.ActiveCfg = Release|Any CPU
		{CE1E3C72-2C2F-A7D7-4F67-D6A525FD6167}.Release|Any CPU.Build.0 = Release|Any CPU
		{0C5CF68C-03CD-0A8C-3F17-FE4BC765A83E}.Debug|Any CPU.ActiveCfg = Debug|Any CPU
		{0C5CF68C-03CD-0A8C-3F17-FE4BC765A83E}.Debug|Any CPU.Build.0 = Debug|Any CPU
		{0C5CF68C-03CD-0A8C-3F17-FE4BC765A83E}.Release|Any CPU.ActiveCfg = Release|Any CPU
		{0C5CF68C-03CD-0A8C-3F17-FE4BC765A83E}.Release|Any CPU.Build.0 = Release|Any CPU
	EndGlobalSection
	GlobalSection(SolutionProperties) = preSolution
		HideSolutionNode = FALSE
	EndGlobalSection
EndGlobal
